
Microsoft Visual Studio Solution File, Format Version 12.00
# Visual Studio Version 17
VisualStudioVersion = 17.14.36202.13
MinimumVisualStudioVersion = 10.0.40219.1
Project("{FAE04EC0-301F-11D3-BF4B-00C04F79EFBC}") = "Trade", "Trade\Trade.csproj", "{A7D9B6C5-BD3D-441C-A307-19C9C66A94DB}"
EndProject
Project("{2150E333-8FDC-42A3-9474-1A3956D46DE8}") = "MQL", "MQL", "{02EA681E-C7D8-13C7-8484-4AC65E1B71E8}"
	ProjectSection(SolutionItems) = preProject
		Experts\Genetic MKI 3 LM.mq4 = Experts\Genetic MKI 3 LM.mq4
	EndProjectSection
EndProject
Project("{FAE04EC0-301F-11D3-BF4B-00C04F79EFBC}") = "GPU1", "GPU1\GPU1.csproj", "{F31FC770-AB2F-4CF2-B38C-F60F5AC72DAA}"
EndProject
Global
	GlobalSection(SolutionConfigurationPlatforms) = preSolution
		Debug|Any CPU = Debug|Any CPU
		Debug|x64 = Debug|x64
		Debug|x86 = Debug|x86
		Release|Any CPU = Release|Any CPU
		Release|x64 = Release|x64
		Release|x86 = Release|x86
	EndGlobalSection
	GlobalSection(ProjectConfigurationPlatforms) = postSolution
		{A7D9B6C5-BD3D-441C-A307-19C9C66A94DB}.Debug|Any CPU.ActiveCfg = Debug|Any CPU
		{A7D9B6C5-BD3D-441C-A307-19C9C66A94DB}.Debug|Any CPU.Build.0 = Debug|Any CPU
		{A7D9B6C5-BD3D-441C-A307-19C9C66A94DB}.Debug|x64.ActiveCfg = Debug|Any CPU
		{A7D9B6C5-BD3D-441C-A307-19C9C66A94DB}.Debug|x64.Build.0 = Debug|Any CPU
		{A7D9B6C5-BD3D-441C-A307-19C9C66A94DB}.Debug|x86.ActiveCfg = Debug|Any CPU
		{A7D9B6C5-BD3D-441C-A307-19C9C66A94DB}.Debug|x86.Build.0 = Debug|Any CPU
		{A7D9B6C5-BD3D-441C-A307-19C9C66A94DB}.Release|Any CPU.ActiveCfg = Release|Any CPU
		{A7D9B6C5-BD3D-441C-A307-19C9C66A94DB}.Release|Any CPU.Build.0 = Release|Any CPU
		{A7D9B6C5-BD3D-441C-A307-19C9C66A94DB}.Release|x64.ActiveCfg = Release|Any CPU
		{A7D9B6C5-BD3D-441C-A307-19C9C66A94DB}.Release|x64.Build.0 = Release|Any CPU
		{A7D9B6C5-BD3D-441C-A307-19C9C66A94DB}.Release|x86.ActiveCfg = Release|Any CPU
		{A7D9B6C5-BD3D-441C-A307-19C9C66A94DB}.Release|x86.Build.0 = Release|Any CPU
		{F31FC770-AB2F-4CF2-B38C-F60F5AC72DAA}.Debug|Any CPU.ActiveCfg = Debug|Any CPU
		{F31FC770-AB2F-4CF2-B38C-F60F5AC72DAA}.Debug|Any CPU.Build.0 = Debug|Any CPU
		{F31FC770-AB2F-4CF2-B38C-F60F5AC72DAA}.Debug|x64.ActiveCfg = Debug|Any CPU
		{F31FC770-AB2F-4CF2-B38C-F60F5AC72DAA}.Debug|x64.Build.0 = Debug|Any CPU
		{F31FC770-AB2F-4CF2-B38C-F60F5AC72DAA}.Debug|x86.ActiveCfg = Debug|Any CPU
		{F31FC770-AB2F-4CF2-B38C-F60F5AC72DAA}.Debug|x86.Build.0 = Debug|Any CPU
		{F31FC770-AB2F-4CF2-B38C-F60F5AC72DAA}.Release|Any CPU.ActiveCfg = Release|Any CPU
		{F31FC770-AB2F-4CF2-B38C-F60F5AC72DAA}.Release|Any CPU.Build.0 = Release|Any CPU
		{F31FC770-AB2F-4CF2-B38C-F60F5AC72DAA}.Release|x64.ActiveCfg = Release|Any CPU
		{F31FC770-AB2F-4CF2-B38C-F60F5AC72DAA}.Release|x64.Build.0 = Release|Any CPU
		{F31FC770-AB2F-4CF2-B38C-F60F5AC72DAA}.Release|x86.ActiveCfg = Release|Any CPU
		{F31FC770-AB2F-4CF2-B38C-F60F5AC72DAA}.Release|x86.Build.0 = Release|Any CPU
	EndGlobalSection
	GlobalSection(SolutionProperties) = preSolution
		HideSolutionNode = FALSE
	EndGlobalSection
	GlobalSection(ExtensibilityGlobals) = postSolution
		SolutionGuid = {D527633F-0CC4-4C27-B4D0-B47B5EE1B5DB}
	EndGlobalSection
EndGlobal
